
Microsoft Visual Studio Solution File, Format Version 12.00
# Visual Studio Version 17
VisualStudioVersion = 17.8.34511.84
MinimumVisualStudioVersion = 10.0.40219.1
Project("{FAE04EC0-301F-11D3-BF4B-00C04F79EFBC}") = "DotNet2_7_7", "DotNet2_7_7.csproj", "{F511CD07-04FF-4432-9A66-BF31410C87F6}"
EndProject
Global
	GlobalSection(SolutionConfigurationPlatforms) = preSolution
		Debug|Any CPU = Debug|Any CPU
		Release|Any CPU = Release|Any CPU
	EndGlobalSection
	GlobalSection(ProjectConfigurationPlatforms) = postSolution
		{F511CD07-04FF-4432-9A66-BF31410C87F6}.Debug|Any CPU.ActiveCfg = Debug|Any CPU
		{F511CD07-04FF-4432-9A66-BF31410C87F6}.Debug|Any CPU.Build.0 = Debug|Any CPU
		{F511CD07-04FF-4432-9A66-BF31410C87F6}.Release|Any CPU.ActiveCfg = Release|Any CPU
		{F511CD07-04FF-4432-9A66-BF31410C87F6}.Release|Any CPU.Build.0 = Release|Any CPU
	EndGlobalSection
	GlobalSection(SolutionProperties) = preSolution
		HideSolutionNode = FALSE
	EndGlobalSection
	GlobalSection(ExtensibilityGlobals) = postSolution
		SolutionGuid = {DE5CAE1D-7678-4B0A-A268-FC8E4E5B6815}
	EndGlobalSection
EndGlobal
